
Microsoft Visual Studio Solution File, Format Version 12.00
# Visual Studio 2012
Project("{8BC9CEB8-8B4A-11D0-8D11-00A0C91BC942}") = "Cylon_V2", "Cylon_V2.vcxproj", "{E6C29B50-B9A6-489B-B0B3-C5286BEF1E1C}"
EndProject
Global
	GlobalSection(SolutionConfigurationPlatforms) = preSolution
		Debug|Win32 = Debug|Win32
		Release|Win32 = Release|Win32
	EndGlobalSection
	GlobalSection(ProjectConfigurationPlatforms) = postSolution
		{E6C29B50-B9A6-489B-B0B3-C5286BEF1E1C}.Debug|Win32.ActiveCfg = Debug|Win32
		{E6C29B50-B9A6-489B-B0B3-C5286BEF1E1C}.Debug|Win32.Build.0 = Debug|Win32
		{E6C29B50-B9A6-489B-B0B3-C5286BEF1E1C}.Release|Win32.ActiveCfg = Release|Win32
		{E6C29B50-B9A6-489B-B0B3-C5286BEF1E1C}.Release|Win32.Build.0 = Release|Win32
	EndGlobalSection
	GlobalSection(SolutionProperties) = preSolution
		HideSolutionNode = FALSE
	EndGlobalSection
EndGlobal
